
Microsoft Visual Studio Solution File, Format Version 12.00
# Visual Studio Version 17
VisualStudioVersion = 17.0.31903.59
MinimumVisualStudioVersion = 10.0.40219.1
Project("{FAE04EC0-301F-11D3-BF4B-00C04F79EFBC}") = "BJ.Desktop", "BJ.Desktop\BJ.Desktop.csproj", "{31BB8360-C183-4AAC-83EE-857B84F2D4BD}"
EndProject
Project("{FAE04EC0-301F-11D3-BF4B-00C04F79EFBC}") = "BJ.Core", "BJ.Core\BJ.Core.csproj", "{278EF011-644C-48D6-8AAE-F131C0778033}"
EndProject
Project("{FAE04EC0-301F-11D3-BF4B-00C04F79EFBC}") = "BJ.Data", "BJ.Data\BJ.Data.csproj", "{DD1A247D-C9F7-4E7B-8A89-10FE8ACD0BBF}"
EndProject
Global
	GlobalSection(SolutionConfigurationPlatforms) = preSolution
		Debug|Any CPU = Debug|Any CPU
		Debug|x64 = Debug|x64
		Debug|x86 = Debug|x86
		Release|Any CPU = Release|Any CPU
		Release|x64 = Release|x64
		Release|x86 = Release|x86
	EndGlobalSection
	GlobalSection(ProjectConfigurationPlatforms) = postSolution
		{31BB8360-C183-4AAC-83EE-857B84F2D4BD}.Debug|Any CPU.ActiveCfg = Debug|Any CPU
		{31BB8360-C183-4AAC-83EE-857B84F2D4BD}.Debug|Any CPU.Build.0 = Debug|Any CPU
		{31BB8360-C183-4AAC-83EE-857B84F2D4BD}.Debug|x64.ActiveCfg = Debug|Any CPU
		{31BB8360-C183-4AAC-83EE-857B84F2D4BD}.Debug|x64.Build.0 = Debug|Any CPU
		{31BB8360-C183-4AAC-83EE-857B84F2D4BD}.Debug|x86.ActiveCfg = Debug|Any CPU
		{31BB8360-C183-4AAC-83EE-857B84F2D4BD}.Debug|x86.Build.0 = Debug|Any CPU
		{31BB8360-C183-4AAC-83EE-857B84F2D4BD}.Release|Any CPU.ActiveCfg = Release|Any CPU
		{31BB8360-C183-4AAC-83EE-857B84F2D4BD}.Release|Any CPU.Build.0 = Release|Any CPU
		{31BB8360-C183-4AAC-83EE-857B84F2D4BD}.Release|x64.ActiveCfg = Release|Any CPU
		{31BB8360-C183-4AAC-83EE-857B84F2D4BD}.Release|x64.Build.0 = Release|Any CPU
		{31BB8360-C183-4AAC-83EE-857B84F2D4BD}.Release|x86.ActiveCfg = Release|Any CPU
		{31BB8360-C183-4AAC-83EE-857B84F2D4BD}.Release|x86.Build.0 = Release|Any CPU
		{278EF011-644C-48D6-8AAE-F131C0778033}.Debug|Any CPU.ActiveCfg = Debug|Any CPU
		{278EF011-644C-48D6-8AAE-F131C0778033}.Debug|Any CPU.Build.0 = Debug|Any CPU
		{278EF011-644C-48D6-8AAE-F131C0778033}.Debug|x64.ActiveCfg = Debug|Any CPU
		{278EF011-644C-48D6-8AAE-F131C0778033}.Debug|x64.Build.0 = Debug|Any CPU
		{278EF011-644C-48D6-8AAE-F131C0778033}.Debug|x86.ActiveCfg = Debug|Any CPU
		{278EF011-644C-48D6-8AAE-F131C0778033}.Debug|x86.Build.0 = Debug|Any CPU
		{278EF011-644C-48D6-8AAE-F131C0778033}.Release|Any CPU.ActiveCfg = Release|Any CPU
		{278EF011-644C-48D6-8AAE-F131C0778033}.Release|Any CPU.Build.0 = Release|Any CPU
		{278EF011-644C-48D6-8AAE-F131C0778033}.Release|x64.ActiveCfg = Release|Any CPU
		{278EF011-644C-48D6-8AAE-F131C0778033}.Release|x64.Build.0 = Release|Any CPU
		{278EF011-644C-48D6-8AAE-F131C0778033}.Release|x86.ActiveCfg = Release|Any CPU
		{278EF011-644C-48D6-8AAE-F131C0778033}.Release|x86.Build.0 = Release|Any CPU
		{DD1A247D-C9F7-4E7B-8A89-10FE8ACD0BBF}.Debug|Any CPU.ActiveCfg = Debug|Any CPU
		{DD1A247D-C9F7-4E7B-8A89-10FE8ACD0BBF}.Debug|Any CPU.Build.0 = Debug|Any CPU
		{DD1A247D-C9F7-4E7B-8A89-10FE8ACD0BBF}.Debug|x64.ActiveCfg = Debug|Any CPU
		{DD1A247D-C9F7-4E7B-8A89-10FE8ACD0BBF}.Debug|x64.Build.0 = Debug|Any CPU
		{DD1A247D-C9F7-4E7B-8A89-10FE8ACD0BBF}.Debug|x86.ActiveCfg = Debug|Any CPU
		{DD1A247D-C9F7-4E7B-8A89-10FE8ACD0BBF}.Debug|x86.Build.0 = Debug|Any CPU
		{DD1A247D-C9F7-4E7B-8A89-10FE8ACD0BBF}.Release|Any CPU.ActiveCfg = Release|Any CPU
		{DD1A247D-C9F7-4E7B-8A89-10FE8ACD0BBF}.Release|Any CPU.Build.0 = Release|Any CPU
		{DD1A247D-C9F7-4E7B-8A89-10FE8ACD0BBF}.Release|x64.ActiveCfg = Release|Any CPU
		{DD1A247D-C9F7-4E7B-8A89-10FE8ACD0BBF}.Release|x64.Build.0 = Release|Any CPU
		{DD1A247D-C9F7-4E7B-8A89-10FE8ACD0BBF}.Release|x86.ActiveCfg = Release|Any CPU
		{DD1A247D-C9F7-4E7B-8A89-10FE8ACD0BBF}.Release|x86.Build.0 = Release|Any CPU
	EndGlobalSection
	GlobalSection(SolutionProperties) = preSolution
		HideSolutionNode = FALSE
	EndGlobalSection
EndGlobal
