
Microsoft Visual Studio Solution File, Format Version 12.00
# Visual Studio Version 16
VisualStudioVersion = 16.0.30621.155
MinimumVisualStudioVersion = 10.0.40219.1
Project("{FAE04EC0-301F-11D3-BF4B-00C04F79EFBC}") = "WindowsFormsApp2", "WindowsFormsApp2.csproj", "{FFBDBB27-8864-4A20-A169-10205C904D61}"
EndProject
Global
	GlobalSection(SolutionConfigurationPlatforms) = preSolution
		Debug|Any CPU = Debug|Any CPU
		Release|Any CPU = Release|Any CPU
	EndGlobalSection
	GlobalSection(ProjectConfigurationPlatforms) = postSolution
		{FFBDBB27-8864-4A20-A169-10205C904D61}.Debug|Any CPU.ActiveCfg = Debug|Any CPU
		{FFBDBB27-8864-4A20-A169-10205C904D61}.Debug|Any CPU.Build.0 = Debug|Any CPU
		{FFBDBB27-8864-4A20-A169-10205C904D61}.Release|Any CPU.ActiveCfg = Release|Any CPU
		{FFBDBB27-8864-4A20-A169-10205C904D61}.Release|Any CPU.Build.0 = Release|Any CPU
	EndGlobalSection
	GlobalSection(SolutionProperties) = preSolution
		HideSolutionNode = FALSE
	EndGlobalSection
	GlobalSection(ExtensibilityGlobals) = postSolution
		SolutionGuid = {F53BFE90-F1E9-48BD-AE9A-06BA16060639}
	EndGlobalSection
EndGlobal
